// !$*UTF8*$!
{
	archiveVersion = 1;
	classes = {
	};
	objectVersion = 77;
	objects = {

/* Begin PBXBuildFile section */
		29A8F2D42DEB1A9C007BBD36 /* AITwinApp.swift in Sources */ = {isa = PBXBuildFile; fileRef = 29A8F2D02DEB1A9C007BBD36 /* AITwinApp.swift */; };
		29A8F2D62DEB1A9C007BBD36 /* Preview Assets.xcassets in Resources */ = {isa = PBXBuildFile; fileRef = 29A8F2CE2DEB1A9C007BBD36 /* Preview Assets.xcassets */; };
		29A8F2D72DEB1A9C007BBD36 /* Assets.xcassets in Resources */ = {isa = PBXBuildFile; fileRef = 29A8F2D12DEB1A9C007BBD36 /* Assets.xcassets */; };
		29A8F2E92DEB21BD007BBD36 /* BaseNetworkService.swift in Sources */ = {isa = PBXBuildFile; fileRef = 29A8F2E82DEB21BD007BBD36 /* BaseNetworkService.swift */; };
		29A8F2EB2DEB21D8007BBD36 /* Endpoint.swift in Sources */ = {isa = PBXBuildFile; fileRef = 29A8F2EA2DEB21D8007BBD36 /* Endpoint.swift */; };
		29A8F2ED2DEB2205007BBD36 /* TargetType.swift in Sources */ = {isa = PBXBuildFile; fileRef = 29A8F2EC2DEB2205007BBD36 /* TargetType.swift */; };
		29A8F2EF2DEB221E007BBD36 /* NetworkError.swift in Sources */ = {isa = PBXBuildFile; fileRef = 29A8F2EE2DEB221E007BBD36 /* NetworkError.swift */; };
		29A8F2F12DEB2232007BBD36 /* HTTPMethod.swift in Sources */ = {isa = PBXBuildFile; fileRef = 29A8F2F02DEB2232007BBD36 /* HTTPMethod.swift */; };
		29A8F2F32DEB2245007BBD36 /* NetworkService.swift in Sources */ = {isa = PBXBuildFile; fileRef = 29A8F2F22DEB2245007BBD36 /* NetworkService.swift */; };
		29A8F2F62DEB228F007BBD36 /* SessionHTTTPBody.swift in Sources */ = {isa = PBXBuildFile; fileRef = 29A8F2F52DEB228F007BBD36 /* SessionHTTTPBody.swift */; };
		29A8F2F92DEB22B3007BBD36 /* Session.swift in Sources */ = {isa = PBXBuildFile; fileRef = 29A8F2F82DEB22B3007BBD36 /* Session.swift */; };
		29A8F2FD2DEB2308007BBD36 /* FileStorageService.swift in Sources */ = {isa = PBXBuildFile; fileRef = 29A8F2FC2DEB2308007BBD36 /* FileStorageService.swift */; };
		29A8F2FF2DEB232B007BBD36 /* MockURLProtocol.swift in Sources */ = {isa = PBXBuildFile; fileRef = 29A8F2FE2DEB232B007BBD36 /* MockURLProtocol.swift */; };
		29A8F3012DEB2344007BBD36 /* MockStorage.swift in Sources */ = {isa = PBXBuildFile; fileRef = 29A8F3002DEB2344007BBD36 /* MockStorage.swift */; };
		29A8F3032DEB2370007BBD36 /* StorageWrapper.swift in Sources */ = {isa = PBXBuildFile; fileRef = 29A8F3022DEB2370007BBD36 /* StorageWrapper.swift */; };
		29A8F3052DEB2390007BBD36 /* URLRequest+Extension.swift in Sources */ = {isa = PBXBuildFile; fileRef = 29A8F3042DEB2390007BBD36 /* URLRequest+Extension.swift */; };
		29A8F3072DEB28B7007BBD36 /* MessageHTTPBody.swift in Sources */ = {isa = PBXBuildFile; fileRef = 29A8F3062DEB28B7007BBD36 /* MessageHTTPBody.swift */; };
		29A8F3092DEB3121007BBD36 /* BodyEncodable.swift in Sources */ = {isa = PBXBuildFile; fileRef = 29A8F3082DEB3121007BBD36 /* BodyEncodable.swift */; };
		29A8F30B2DEB3151007BBD36 /* Message.swift in Sources */ = {isa = PBXBuildFile; fileRef = 29A8F30A2DEB3151007BBD36 /* Message.swift */; };
		29A8F30D2DEB3415007BBD36 /* TextConstant.swift in Sources */ = {isa = PBXBuildFile; fileRef = 29A8F30C2DEB3415007BBD36 /* TextConstant.swift */; };
		29A8F3132DEB3473007BBD36 /* AppFont.swift in Sources */ = {isa = PBXBuildFile; fileRef = 29A8F3122DEB3473007BBD36 /* AppFont.swift */; };
		29A8F3152DEB364C007BBD36 /* Font+Extension.swift in Sources */ = {isa = PBXBuildFile; fileRef = 29A8F3142DEB364C007BBD36 /* Font+Extension.swift */; };
		29A8F3172DEB36B6007BBD36 /* SystemIcon.swift in Sources */ = {isa = PBXBuildFile; fileRef = 29A8F3162DEB36B6007BBD36 /* SystemIcon.swift */; };
		29A8F3192DEB3896007BBD36 /* View+Extension.swift in Sources */ = {isa = PBXBuildFile; fileRef = 29A8F3182DEB3896007BBD36 /* View+Extension.swift */; };
		29A8F31C2DEB38E5007BBD36 /* AppLoaderView.swift in Sources */ = {isa = PBXBuildFile; fileRef = 29A8F31B2DEB38E5007BBD36 /* AppLoaderView.swift */; };
		29A8F31E2DEB3E18007BBD36 /* ChatBubble.swift in Sources */ = {isa = PBXBuildFile; fileRef = 29A8F31D2DEB3E18007BBD36 /* ChatBubble.swift */; };
		29A8F3202DEB41CD007BBD36 /* AppButton.swift in Sources */ = {isa = PBXBuildFile; fileRef = 29A8F31F2DEB41CD007BBD36 /* AppButton.swift */; };
		29A8F3232DEB4202007BBD36 /* EmptyClosure.swift in Sources */ = {isa = PBXBuildFile; fileRef = 29A8F3222DEB4202007BBD36 /* EmptyClosure.swift */; };
		29A8F3292DEB4435007BBD36 /* BaseCoordinator.swift in Sources */ = {isa = PBXBuildFile; fileRef = 29A8F3282DEB4435007BBD36 /* BaseCoordinator.swift */; };
		29A8F32B2DEB444C007BBD36 /* BaseCoordinatorView.swift in Sources */ = {isa = PBXBuildFile; fileRef = 29A8F32A2DEB444C007BBD36 /* BaseCoordinatorView.swift */; };
		29A8F32D2DEB4461007BBD36 /* Coordinator.swift in Sources */ = {isa = PBXBuildFile; fileRef = 29A8F32C2DEB4461007BBD36 /* Coordinator.swift */; };
		29A8F32F2DEB4477007BBD36 /* CoordinatorView.swift in Sources */ = {isa = PBXBuildFile; fileRef = 29A8F32E2DEB4477007BBD36 /* CoordinatorView.swift */; };
		29A8F3312DEB4497007BBD36 /* SessionsListView.swift in Sources */ = {isa = PBXBuildFile; fileRef = 29A8F3302DEB4497007BBD36 /* SessionsListView.swift */; };
		29A8F3352DEB44E0007BBD36 /* CreateSessionView.swift in Sources */ = {isa = PBXBuildFile; fileRef = 29A8F3342DEB44E0007BBD36 /* CreateSessionView.swift */; };
		29A8F3382DEB44FC007BBD36 /* SessionChatView.swift in Sources */ = {isa = PBXBuildFile; fileRef = 29A8F3372DEB44FC007BBD36 /* SessionChatView.swift */; };
		29A8F33E2DEB4B6F007BBD36 /* SessionsListViewModel.swift in Sources */ = {isa = PBXBuildFile; fileRef = 29A8F33D2DEB4B6F007BBD36 /* SessionsListViewModel.swift */; };
		29A8F3402DEB4D26007BBD36 /* MainBgGradient.swift in Sources */ = {isa = PBXBuildFile; fileRef = 29A8F33F2DEB4D26007BBD36 /* MainBgGradient.swift */; };
		29A8F3432DEB4D47007BBD36 /* AppError.swift in Sources */ = {isa = PBXBuildFile; fileRef = 29A8F3422DEB4D47007BBD36 /* AppError.swift */; };
		29A8F3452DEB4D70007BBD36 /* LocalizedAlertError.swift in Sources */ = {isa = PBXBuildFile; fileRef = 29A8F3442DEB4D70007BBD36 /* LocalizedAlertError.swift */; };
		29A8F3472DEB4EE6007BBD36 /* SessionsNavBar.swift in Sources */ = {isa = PBXBuildFile; fileRef = 29A8F3462DEB4EE6007BBD36 /* SessionsNavBar.swift */; };
		29A8F3492DEB4F03007BBD36 /* IconButton.swift in Sources */ = {isa = PBXBuildFile; fileRef = 29A8F3482DEB4F03007BBD36 /* IconButton.swift */; };
		29A8F34B2DEB506D007BBD36 /* SessionItemView.swift in Sources */ = {isa = PBXBuildFile; fileRef = 29A8F34A2DEB506D007BBD36 /* SessionItemView.swift */; };
		29A8F34D2DEB5400007BBD36 /* Date+Extension.swift in Sources */ = {isa = PBXBuildFile; fileRef = 29A8F34C2DEB5400007BBD36 /* Date+Extension.swift */; };
		29A8F34F2DEB5EB0007BBD36 /* PlaceholderText.swift in Sources */ = {isa = PBXBuildFile; fileRef = 29A8F34E2DEB5EB0007BBD36 /* PlaceholderText.swift */; };
		29A8F3512DEB61CF007BBD36 /* CreateSessionViewModel.swift in Sources */ = {isa = PBXBuildFile; fileRef = 29A8F3502DEB61CF007BBD36 /* CreateSessionViewModel.swift */; };
		29A8F3532DEB6321007BBD36 /* AppTextField.swift in Sources */ = {isa = PBXBuildFile; fileRef = 29A8F3522DEB6321007BBD36 /* AppTextField.swift */; };
		29A8F3562DEB65F3007BBD36 /* FlexibleWrapGridFlowLayout.swift in Sources */ = {isa = PBXBuildFile; fileRef = 29A8F3552DEB65F3007BBD36 /* FlexibleWrapGridFlowLayout.swift */; };
		29A8F3592DEB6633007BBD36 /* FlexibleWrapGridItemView.swift in Sources */ = {isa = PBXBuildFile; fileRef = 29A8F3582DEB6633007BBD36 /* FlexibleWrapGridItemView.swift */; };
		29A8F35B2DEB6697007BBD36 /* String+Extension.swift in Sources */ = {isa = PBXBuildFile; fileRef = 29A8F35A2DEB6697007BBD36 /* String+Extension.swift */; };
		29A8F3602DEB6E1D007BBD36 /* FlexibleWrapGridView.swift in Sources */ = {isa = PBXBuildFile; fileRef = 29A8F35F2DEB6E1D007BBD36 /* FlexibleWrapGridView.swift */; };
		29A8F3802DEBAD7B007BBD36 /* SessionChatViewModel.swift in Sources */ = {isa = PBXBuildFile; fileRef = 29A8F37F2DEBAD7B007BBD36 /* SessionChatViewModel.swift */; };
		29A8F3822DEBB20C007BBD36 /* SessionChatNavBar.swift in Sources */ = {isa = PBXBuildFile; fileRef = 29A8F3812DEBB20C007BBD36 /* SessionChatNavBar.swift */; };
		29A8F3882DEBB3BD007BBD36 /* ChatView.swift in Sources */ = {isa = PBXBuildFile; fileRef = 29A8F3862DEBB3BD007BBD36 /* ChatView.swift */; };
		29A8F38A2DEBB3C6007BBD36 /* MessageView.swift in Sources */ = {isa = PBXBuildFile; fileRef = 29A8F3892DEBB3C6007BBD36 /* MessageView.swift */; };
		29A8F38C2DEC5A01007BBD36 /* SendButton.swift in Sources */ = {isa = PBXBuildFile; fileRef = 29A8F38B2DEC5A01007BBD36 /* SendButton.swift */; };
		29A8F38F2DEC60DA007BBD36 /* ValidationError.swift in Sources */ = {isa = PBXBuildFile; fileRef = 29A8F38E2DEC60DA007BBD36 /* ValidationError.swift */; };
		29A8F3912DEC60EE007BBD36 /* NonEmptyValidator.swift in Sources */ = {isa = PBXBuildFile; fileRef = 29A8F3902DEC60EE007BBD36 /* NonEmptyValidator.swift */; };
		29A8F3932DEC65B0007BBD36 /* AIMockService.swift in Sources */ = {isa = PBXBuildFile; fileRef = 29A8F3922DEC65B0007BBD36 /* AIMockService.swift */; };
		29A8F3A52DECAE2C007BBD36 /* AITwinTests.swift in Sources */ = {isa = PBXBuildFile; fileRef = 29A8F3A32DECAE2C007BBD36 /* AITwinTests.swift */; };
		29A8F3A72DECAF2F007BBD36 /* SessionsListViewModelTests.swift in Sources */ = {isa = PBXBuildFile; fileRef = 29A8F3A62DECAF2F007BBD36 /* SessionsListViewModelTests.swift */; };
		29A8F3A92DECB2FF007BBD36 /* MockNetworkService.swift in Sources */ = {isa = PBXBuildFile; fileRef = 29A8F3A82DECB2FF007BBD36 /* MockNetworkService.swift */; };
		29A8F3AB2DECD01F007BBD36 /* CreateSessionViewModelTests.swift in Sources */ = {isa = PBXBuildFile; fileRef = 29A8F3AA2DECD01F007BBD36 /* CreateSessionViewModelTests.swift */; };
/* End PBXBuildFile section */

/* Begin PBXContainerItemProxy section */
		29A8F39E2DECAE26007BBD36 /* PBXContainerItemProxy */ = {
			isa = PBXContainerItemProxy;
			containerPortal = 29A8F2992DEB1A90007BBD36 /* Project object */;
			proxyType = 1;
			remoteGlobalIDString = 29A8F2A02DEB1A90007BBD36;
			remoteInfo = AITwin;
		};
/* End PBXContainerItemProxy section */

/* Begin PBXFileReference section */
		29A8F2A12DEB1A90007BBD36 /* AITwin.app */ = {isa = PBXFileReference; explicitFileType = wrapper.application; includeInIndex = 0; path = AITwin.app; sourceTree = BUILT_PRODUCTS_DIR; };
		29A8F2CE2DEB1A9C007BBD36 /* Preview Assets.xcassets */ = {isa = PBXFileReference; lastKnownFileType = folder.assetcatalog; path = "Preview Assets.xcassets"; sourceTree = "<group>"; };
		29A8F2D02DEB1A9C007BBD36 /* AITwinApp.swift */ = {isa = PBXFileReference; lastKnownFileType = sourcecode.swift; path = AITwinApp.swift; sourceTree = "<group>"; };
		29A8F2D12DEB1A9C007BBD36 /* Assets.xcassets */ = {isa = PBXFileReference; lastKnownFileType = folder.assetcatalog; path = Assets.xcassets; sourceTree = "<group>"; };
		29A8F2E82DEB21BD007BBD36 /* BaseNetworkService.swift */ = {isa = PBXFileReference; lastKnownFileType = sourcecode.swift; path = BaseNetworkService.swift; sourceTree = "<group>"; };
		29A8F2EA2DEB21D8007BBD36 /* Endpoint.swift */ = {isa = PBXFileReference; lastKnownFileType = sourcecode.swift; path = Endpoint.swift; sourceTree = "<group>"; };
		29A8F2EC2DEB2205007BBD36 /* TargetType.swift */ = {isa = PBXFileReference; lastKnownFileType = sourcecode.swift; path = TargetType.swift; sourceTree = "<group>"; };
		29A8F2EE2DEB221E007BBD36 /* NetworkError.swift */ = {isa = PBXFileReference; lastKnownFileType = sourcecode.swift; path = NetworkError.swift; sourceTree = "<group>"; };
		29A8F2F02DEB2232007BBD36 /* HTTPMethod.swift */ = {isa = PBXFileReference; lastKnownFileType = sourcecode.swift; path = HTTPMethod.swift; sourceTree = "<group>"; };
		29A8F2F22DEB2245007BBD36 /* NetworkService.swift */ = {isa = PBXFileReference; lastKnownFileType = sourcecode.swift; path = NetworkService.swift; sourceTree = "<group>"; };
		29A8F2F52DEB228F007BBD36 /* SessionHTTTPBody.swift */ = {isa = PBXFileReference; lastKnownFileType = sourcecode.swift; path = SessionHTTTPBody.swift; sourceTree = "<group>"; };
		29A8F2F82DEB22B3007BBD36 /* Session.swift */ = {isa = PBXFileReference; lastKnownFileType = sourcecode.swift; path = Session.swift; sourceTree = "<group>"; };
		29A8F2FC2DEB2308007BBD36 /* FileStorageService.swift */ = {isa = PBXFileReference; lastKnownFileType = sourcecode.swift; path = FileStorageService.swift; sourceTree = "<group>"; };
		29A8F2FE2DEB232B007BBD36 /* MockURLProtocol.swift */ = {isa = PBXFileReference; lastKnownFileType = sourcecode.swift; path = MockURLProtocol.swift; sourceTree = "<group>"; };
		29A8F3002DEB2344007BBD36 /* MockStorage.swift */ = {isa = PBXFileReference; lastKnownFileType = sourcecode.swift; path = MockStorage.swift; sourceTree = "<group>"; };
		29A8F3022DEB2370007BBD36 /* StorageWrapper.swift */ = {isa = PBXFileReference; lastKnownFileType = sourcecode.swift; path = StorageWrapper.swift; sourceTree = "<group>"; };
		29A8F3042DEB2390007BBD36 /* URLRequest+Extension.swift */ = {isa = PBXFileReference; lastKnownFileType = sourcecode.swift; path = "URLRequest+Extension.swift"; sourceTree = "<group>"; };
		29A8F3062DEB28B7007BBD36 /* MessageHTTPBody.swift */ = {isa = PBXFileReference; lastKnownFileType = sourcecode.swift; path = MessageHTTPBody.swift; sourceTree = "<group>"; };
		29A8F3082DEB3121007BBD36 /* BodyEncodable.swift */ = {isa = PBXFileReference; lastKnownFileType = sourcecode.swift; path = BodyEncodable.swift; sourceTree = "<group>"; };
		29A8F30A2DEB3151007BBD36 /* Message.swift */ = {isa = PBXFileReference; lastKnownFileType = sourcecode.swift; path = Message.swift; sourceTree = "<group>"; };
		29A8F30C2DEB3415007BBD36 /* TextConstant.swift */ = {isa = PBXFileReference; lastKnownFileType = sourcecode.swift; path = TextConstant.swift; sourceTree = "<group>"; };
		29A8F3122DEB3473007BBD36 /* AppFont.swift */ = {isa = PBXFileReference; lastKnownFileType = sourcecode.swift; path = AppFont.swift; sourceTree = "<group>"; };
		29A8F3142DEB364C007BBD36 /* Font+Extension.swift */ = {isa = PBXFileReference; lastKnownFileType = sourcecode.swift; path = "Font+Extension.swift"; sourceTree = "<group>"; };
		29A8F3162DEB36B6007BBD36 /* SystemIcon.swift */ = {isa = PBXFileReference; lastKnownFileType = sourcecode.swift; path = SystemIcon.swift; sourceTree = "<group>"; };
		29A8F3182DEB3896007BBD36 /* View+Extension.swift */ = {isa = PBXFileReference; lastKnownFileType = sourcecode.swift; path = "View+Extension.swift"; sourceTree = "<group>"; };
		29A8F31B2DEB38E5007BBD36 /* AppLoaderView.swift */ = {isa = PBXFileReference; lastKnownFileType = sourcecode.swift; path = AppLoaderView.swift; sourceTree = "<group>"; };
		29A8F31D2DEB3E18007BBD36 /* ChatBubble.swift */ = {isa = PBXFileReference; lastKnownFileType = sourcecode.swift; path = ChatBubble.swift; sourceTree = "<group>"; };
		29A8F31F2DEB41CD007BBD36 /* AppButton.swift */ = {isa = PBXFileReference; lastKnownFileType = sourcecode.swift; path = AppButton.swift; sourceTree = "<group>"; };
		29A8F3222DEB4202007BBD36 /* EmptyClosure.swift */ = {isa = PBXFileReference; lastKnownFileType = sourcecode.swift; path = EmptyClosure.swift; sourceTree = "<group>"; };
		29A8F3282DEB4435007BBD36 /* BaseCoordinator.swift */ = {isa = PBXFileReference; lastKnownFileType = sourcecode.swift; path = BaseCoordinator.swift; sourceTree = "<group>"; };
		29A8F32A2DEB444C007BBD36 /* BaseCoordinatorView.swift */ = {isa = PBXFileReference; lastKnownFileType = sourcecode.swift; path = BaseCoordinatorView.swift; sourceTree = "<group>"; };
		29A8F32C2DEB4461007BBD36 /* Coordinator.swift */ = {isa = PBXFileReference; lastKnownFileType = sourcecode.swift; path = Coordinator.swift; sourceTree = "<group>"; };
		29A8F32E2DEB4477007BBD36 /* CoordinatorView.swift */ = {isa = PBXFileReference; lastKnownFileType = sourcecode.swift; path = CoordinatorView.swift; sourceTree = "<group>"; };
		29A8F3302DEB4497007BBD36 /* SessionsListView.swift */ = {isa = PBXFileReference; lastKnownFileType = sourcecode.swift; path = SessionsListView.swift; sourceTree = "<group>"; };
		29A8F3342DEB44E0007BBD36 /* CreateSessionView.swift */ = {isa = PBXFileReference; lastKnownFileType = sourcecode.swift; path = CreateSessionView.swift; sourceTree = "<group>"; };
		29A8F3372DEB44FC007BBD36 /* SessionChatView.swift */ = {isa = PBXFileReference; lastKnownFileType = sourcecode.swift; path = SessionChatView.swift; sourceTree = "<group>"; };
		29A8F33D2DEB4B6F007BBD36 /* SessionsListViewModel.swift */ = {isa = PBXFileReference; lastKnownFileType = sourcecode.swift; path = SessionsListViewModel.swift; sourceTree = "<group>"; };
		29A8F33F2DEB4D26007BBD36 /* MainBgGradient.swift */ = {isa = PBXFileReference; lastKnownFileType = sourcecode.swift; path = MainBgGradient.swift; sourceTree = "<group>"; };
		29A8F3422DEB4D47007BBD36 /* AppError.swift */ = {isa = PBXFileReference; lastKnownFileType = sourcecode.swift; path = AppError.swift; sourceTree = "<group>"; };
		29A8F3442DEB4D70007BBD36 /* LocalizedAlertError.swift */ = {isa = PBXFileReference; lastKnownFileType = sourcecode.swift; path = LocalizedAlertError.swift; sourceTree = "<group>"; };
		29A8F3462DEB4EE6007BBD36 /* SessionsNavBar.swift */ = {isa = PBXFileReference; lastKnownFileType = sourcecode.swift; path = SessionsNavBar.swift; sourceTree = "<group>"; };
		29A8F3482DEB4F03007BBD36 /* IconButton.swift */ = {isa = PBXFileReference; lastKnownFileType = sourcecode.swift; path = IconButton.swift; sourceTree = "<group>"; };
		29A8F34A2DEB506D007BBD36 /* SessionItemView.swift */ = {isa = PBXFileReference; lastKnownFileType = sourcecode.swift; path = SessionItemView.swift; sourceTree = "<group>"; };
		29A8F34C2DEB5400007BBD36 /* Date+Extension.swift */ = {isa = PBXFileReference; lastKnownFileType = sourcecode.swift; path = "Date+Extension.swift"; sourceTree = "<group>"; };
		29A8F34E2DEB5EB0007BBD36 /* PlaceholderText.swift */ = {isa = PBXFileReference; lastKnownFileType = sourcecode.swift; path = PlaceholderText.swift; sourceTree = "<group>"; };
		29A8F3502DEB61CF007BBD36 /* CreateSessionViewModel.swift */ = {isa = PBXFileReference; lastKnownFileType = sourcecode.swift; path = CreateSessionViewModel.swift; sourceTree = "<group>"; };
		29A8F3522DEB6321007BBD36 /* AppTextField.swift */ = {isa = PBXFileReference; lastKnownFileType = sourcecode.swift; path = AppTextField.swift; sourceTree = "<group>"; };
		29A8F3552DEB65F3007BBD36 /* FlexibleWrapGridFlowLayout.swift */ = {isa = PBXFileReference; lastKnownFileType = sourcecode.swift; path = FlexibleWrapGridFlowLayout.swift; sourceTree = "<group>"; };
		29A8F3582DEB6633007BBD36 /* FlexibleWrapGridItemView.swift */ = {isa = PBXFileReference; lastKnownFileType = sourcecode.swift; path = FlexibleWrapGridItemView.swift; sourceTree = "<group>"; };
		29A8F35A2DEB6697007BBD36 /* String+Extension.swift */ = {isa = PBXFileReference; lastKnownFileType = sourcecode.swift; path = "String+Extension.swift"; sourceTree = "<group>"; };
		29A8F35F2DEB6E1D007BBD36 /* FlexibleWrapGridView.swift */ = {isa = PBXFileReference; lastKnownFileType = sourcecode.swift; path = FlexibleWrapGridView.swift; sourceTree = "<group>"; };
		29A8F37F2DEBAD7B007BBD36 /* SessionChatViewModel.swift */ = {isa = PBXFileReference; lastKnownFileType = sourcecode.swift; path = SessionChatViewModel.swift; sourceTree = "<group>"; };
		29A8F3812DEBB20C007BBD36 /* SessionChatNavBar.swift */ = {isa = PBXFileReference; lastKnownFileType = sourcecode.swift; path = SessionChatNavBar.swift; sourceTree = "<group>"; };
		29A8F3862DEBB3BD007BBD36 /* ChatView.swift */ = {isa = PBXFileReference; lastKnownFileType = sourcecode.swift; path = ChatView.swift; sourceTree = "<group>"; };
		29A8F3892DEBB3C6007BBD36 /* MessageView.swift */ = {isa = PBXFileReference; lastKnownFileType = sourcecode.swift; path = MessageView.swift; sourceTree = "<group>"; };
		29A8F38B2DEC5A01007BBD36 /* SendButton.swift */ = {isa = PBXFileReference; lastKnownFileType = sourcecode.swift; path = SendButton.swift; sourceTree = "<group>"; };
		29A8F38E2DEC60DA007BBD36 /* ValidationError.swift */ = {isa = PBXFileReference; lastKnownFileType = sourcecode.swift; path = ValidationError.swift; sourceTree = "<group>"; };
		29A8F3902DEC60EE007BBD36 /* NonEmptyValidator.swift */ = {isa = PBXFileReference; lastKnownFileType = sourcecode.swift; path = NonEmptyValidator.swift; sourceTree = "<group>"; };
		29A8F3922DEC65B0007BBD36 /* AIMockService.swift */ = {isa = PBXFileReference; lastKnownFileType = sourcecode.swift; path = AIMockService.swift; sourceTree = "<group>"; };
		29A8F39A2DECAE26007BBD36 /* AITwinTests.xctest */ = {isa = PBXFileReference; explicitFileType = wrapper.cfbundle; includeInIndex = 0; path = AITwinTests.xctest; sourceTree = BUILT_PRODUCTS_DIR; };
		29A8F3A32DECAE2C007BBD36 /* AITwinTests.swift */ = {isa = PBXFileReference; lastKnownFileType = sourcecode.swift; path = AITwinTests.swift; sourceTree = "<group>"; };
		29A8F3A62DECAF2F007BBD36 /* SessionsListViewModelTests.swift */ = {isa = PBXFileReference; lastKnownFileType = sourcecode.swift; path = SessionsListViewModelTests.swift; sourceTree = "<group>"; };
		29A8F3A82DECB2FF007BBD36 /* MockNetworkService.swift */ = {isa = PBXFileReference; lastKnownFileType = sourcecode.swift; path = MockNetworkService.swift; sourceTree = "<group>"; };
		29A8F3AA2DECD01F007BBD36 /* CreateSessionViewModelTests.swift */ = {isa = PBXFileReference; lastKnownFileType = sourcecode.swift; path = CreateSessionViewModelTests.swift; sourceTree = "<group>"; };
/* End PBXFileReference section */

/* Begin PBXFrameworksBuildPhase section */
		29A8F29E2DEB1A90007BBD36 /* Frameworks */ = {
			isa = PBXFrameworksBuildPhase;
			buildActionMask = 2147483647;
			files = (
			);
			runOnlyForDeploymentPostprocessing = 0;
		};
		29A8F3972DECAE26007BBD36 /* Frameworks */ = {
			isa = PBXFrameworksBuildPhase;
			buildActionMask = 2147483647;
			files = (
			);
			runOnlyForDeploymentPostprocessing = 0;
		};
/* End PBXFrameworksBuildPhase section */

/* Begin PBXGroup section */
		29A8F2982DEB1A90007BBD36 = {
			isa = PBXGroup;
			children = (
				29A8F2D32DEB1A9C007BBD36 /* AITwin */,
				29A8F3A42DECAE2C007BBD36 /* AITwinTests */,
				29A8F2A22DEB1A90007BBD36 /* Products */,
			);
			sourceTree = "<group>";
		};
		29A8F2A22DEB1A90007BBD36 /* Products */ = {
			isa = PBXGroup;
			children = (
				29A8F2A12DEB1A90007BBD36 /* AITwin.app */,
				29A8F39A2DECAE26007BBD36 /* AITwinTests.xctest */,
			);
			name = Products;
			sourceTree = "<group>";
		};
		29A8F2CF2DEB1A9C007BBD36 /* Preview Content */ = {
			isa = PBXGroup;
			children = (
				29A8F2CE2DEB1A9C007BBD36 /* Preview Assets.xcassets */,
			);
			path = "Preview Content";
			sourceTree = "<group>";
		};
		29A8F2D32DEB1A9C007BBD36 /* AITwin */ = {
			isa = PBXGroup;
			children = (
				29A8F3612DEB73E2007BBD36 /* Helpers */,
				29A8F3242DEB4412007BBD36 /* Coordinator */,
				29A8F3212DEB41F3007BBD36 /* Global */,
				29A8F31A2DEB38DC007BBD36 /* ViewComponents */,
				29A8F2E32DEB1F22007BBD36 /* Extensions */,
				29A8F2E12DEB1F02007BBD36 /* Services */,
				29A8F2E42DEB1F33007BBD36 /* Models */,
				29A8F2E22DEB1F13007BBD36 /* Modules */,
				29A8F2E02DEB1EBB007BBD36 /* Resources */,
				29A8F2CF2DEB1A9C007BBD36 /* Preview Content */,
				29A8F2E52DEB1F5E007BBD36 /* App */,
			);
			path = AITwin;
			sourceTree = "<group>";
		};
		29A8F2E02DEB1EBB007BBD36 /* Resources */ = {
			isa = PBXGroup;
			children = (
				29A8F3102DEB345C007BBD36 /* Fonts */,
				29A8F3112DEB3462007BBD36 /* Text */,
				29A8F2D12DEB1A9C007BBD36 /* Assets.xcassets */,
				29A8F3162DEB36B6007BBD36 /* SystemIcon.swift */,
			);
			path = Resources;
			sourceTree = "<group>";
		};
		29A8F2E12DEB1F02007BBD36 /* Services */ = {
			isa = PBXGroup;
			children = (
				29A8F2FB2DEB22F3007BBD36 /* FileStorageService */,
				29A8F2E62DEB218C007BBD36 /* Networking */,
				29A8F3922DEC65B0007BBD36 /* AIMockService.swift */,
			);
			path = Services;
			sourceTree = "<group>";
		};
		29A8F2E22DEB1F13007BBD36 /* Modules */ = {
			isa = PBXGroup;
			children = (
				29A8F3362DEB44F0007BBD36 /* Chat */,
				29A8F3332DEB44C4007BBD36 /* CreateSession */,
				29A8F3322DEB44BD007BBD36 /* Sessions */,
			);
			path = Modules;
			sourceTree = "<group>";
		};
		29A8F2E32DEB1F22007BBD36 /* Extensions */ = {
			isa = PBXGroup;
			children = (
				29A8F3042DEB2390007BBD36 /* URLRequest+Extension.swift */,
				29A8F3142DEB364C007BBD36 /* Font+Extension.swift */,
				29A8F3182DEB3896007BBD36 /* View+Extension.swift */,
				29A8F34C2DEB5400007BBD36 /* Date+Extension.swift */,
				29A8F35A2DEB6697007BBD36 /* String+Extension.swift */,
			);
			path = Extensions;
			sourceTree = "<group>";
		};
		29A8F2E42DEB1F33007BBD36 /* Models */ = {
			isa = PBXGroup;
			children = (
				29A8F3412DEB4D42007BBD36 /* Errors */,
				29A8F2F72DEB22A6007BBD36 /* Response */,
				29A8F2F42DEB227E007BBD36 /* HTTPBody */,
			);
			path = Models;
			sourceTree = "<group>";
		};
		29A8F2E52DEB1F5E007BBD36 /* App */ = {
			isa = PBXGroup;
			children = (
				29A8F2D02DEB1A9C007BBD36 /* AITwinApp.swift */,
			);
			path = App;
			sourceTree = "<group>";
		};
		29A8F2E62DEB218C007BBD36 /* Networking */ = {
			isa = PBXGroup;
			children = (
				29A8F2FA2DEB22DD007BBD36 /* Mock */,
				29A8F2E72DEB21A5007BBD36 /* Base */,
				29A8F2F22DEB2245007BBD36 /* NetworkService.swift */,
				29A8F2EA2DEB21D8007BBD36 /* Endpoint.swift */,
				29A8F3A82DECB2FF007BBD36 /* MockNetworkService.swift */,
			);
			path = Networking;
			sourceTree = "<group>";
		};
		29A8F2E72DEB21A5007BBD36 /* Base */ = {
			isa = PBXGroup;
			children = (
				29A8F2E82DEB21BD007BBD36 /* BaseNetworkService.swift */,
				29A8F2EC2DEB2205007BBD36 /* TargetType.swift */,
				29A8F2EE2DEB221E007BBD36 /* NetworkError.swift */,
				29A8F2F02DEB2232007BBD36 /* HTTPMethod.swift */,
				29A8F3082DEB3121007BBD36 /* BodyEncodable.swift */,
			);
			path = Base;
			sourceTree = "<group>";
		};
		29A8F2F42DEB227E007BBD36 /* HTTPBody */ = {
			isa = PBXGroup;
			children = (
				29A8F2F52DEB228F007BBD36 /* SessionHTTTPBody.swift */,
				29A8F3062DEB28B7007BBD36 /* MessageHTTPBody.swift */,
			);
			path = HTTPBody;
			sourceTree = "<group>";
		};
		29A8F2F72DEB22A6007BBD36 /* Response */ = {
			isa = PBXGroup;
			children = (
				29A8F2F82DEB22B3007BBD36 /* Session.swift */,
				29A8F30A2DEB3151007BBD36 /* Message.swift */,
			);
			path = Response;
			sourceTree = "<group>";
		};
		29A8F2FA2DEB22DD007BBD36 /* Mock */ = {
			isa = PBXGroup;
			children = (
				29A8F2FE2DEB232B007BBD36 /* MockURLProtocol.swift */,
				29A8F3002DEB2344007BBD36 /* MockStorage.swift */,
				29A8F3022DEB2370007BBD36 /* StorageWrapper.swift */,
			);
			path = Mock;
			sourceTree = "<group>";
		};
		29A8F2FB2DEB22F3007BBD36 /* FileStorageService */ = {
			isa = PBXGroup;
			children = (
				29A8F2FC2DEB2308007BBD36 /* FileStorageService.swift */,
			);
			path = FileStorageService;
			sourceTree = "<group>";
		};
		29A8F3102DEB345C007BBD36 /* Fonts */ = {
			isa = PBXGroup;
			children = (
				29A8F3122DEB3473007BBD36 /* AppFont.swift */,
			);
			path = Fonts;
			sourceTree = "<group>";
		};
		29A8F3112DEB3462007BBD36 /* Text */ = {
			isa = PBXGroup;
			children = (
				29A8F30C2DEB3415007BBD36 /* TextConstant.swift */,
			);
			path = Text;
			sourceTree = "<group>";
		};
		29A8F31A2DEB38DC007BBD36 /* ViewComponents */ = {
			isa = PBXGroup;
			children = (
				29A8F35E2DEB6E12007BBD36 /* FlexibleWrapGridView */,
				29A8F31B2DEB38E5007BBD36 /* AppLoaderView.swift */,
				29A8F31D2DEB3E18007BBD36 /* ChatBubble.swift */,
				29A8F31F2DEB41CD007BBD36 /* AppButton.swift */,
				29A8F33F2DEB4D26007BBD36 /* MainBgGradient.swift */,
				29A8F3482DEB4F03007BBD36 /* IconButton.swift */,
				29A8F34E2DEB5EB0007BBD36 /* PlaceholderText.swift */,
				29A8F3522DEB6321007BBD36 /* AppTextField.swift */,
			);
			path = ViewComponents;
			sourceTree = "<group>";
		};
		29A8F3212DEB41F3007BBD36 /* Global */ = {
			isa = PBXGroup;
			children = (
				29A8F3222DEB4202007BBD36 /* EmptyClosure.swift */,
			);
			path = Global;
			sourceTree = "<group>";
		};
		29A8F3242DEB4412007BBD36 /* Coordinator */ = {
			isa = PBXGroup;
			children = (
				29A8F3272DEB4426007BBD36 /* Base */,
				29A8F32C2DEB4461007BBD36 /* Coordinator.swift */,
				29A8F32E2DEB4477007BBD36 /* CoordinatorView.swift */,
			);
			path = Coordinator;
			sourceTree = "<group>";
		};
		29A8F3272DEB4426007BBD36 /* Base */ = {
			isa = PBXGroup;
			children = (
				29A8F3282DEB4435007BBD36 /* BaseCoordinator.swift */,
				29A8F32A2DEB444C007BBD36 /* BaseCoordinatorView.swift */,
			);
			path = Base;
			sourceTree = "<group>";
		};
		29A8F3322DEB44BD007BBD36 /* Sessions */ = {
			isa = PBXGroup;
			children = (
				29A8F33A2DEB4B5A007BBD36 /* Components */,
				29A8F3302DEB4497007BBD36 /* SessionsListView.swift */,
				29A8F33D2DEB4B6F007BBD36 /* SessionsListViewModel.swift */,
			);
			path = Sessions;
			sourceTree = "<group>";
		};
		29A8F3332DEB44C4007BBD36 /* CreateSession */ = {
			isa = PBXGroup;
			children = (
				29A8F3542DEB65DE007BBD36 /* Components */,
				29A8F3342DEB44E0007BBD36 /* CreateSessionView.swift */,
				29A8F3502DEB61CF007BBD36 /* CreateSessionViewModel.swift */,
			);
			path = CreateSession;
			sourceTree = "<group>";
		};
		29A8F3362DEB44F0007BBD36 /* Chat */ = {
			isa = PBXGroup;
			children = (
				29A8F3392DEB4B4A007BBD36 /* Components */,
				29A8F3372DEB44FC007BBD36 /* SessionChatView.swift */,
				29A8F37F2DEBAD7B007BBD36 /* SessionChatViewModel.swift */,
			);
			path = Chat;
			sourceTree = "<group>";
		};
		29A8F3392DEB4B4A007BBD36 /* Components */ = {
			isa = PBXGroup;
			children = (
				29A8F3872DEBB3BD007BBD36 /* ChatView */,
				29A8F3812DEBB20C007BBD36 /* SessionChatNavBar.swift */,
				29A8F38B2DEC5A01007BBD36 /* SendButton.swift */,
			);
			path = Components;
			sourceTree = "<group>";
		};
		29A8F33A2DEB4B5A007BBD36 /* Components */ = {
			isa = PBXGroup;
			children = (
				29A8F3462DEB4EE6007BBD36 /* SessionsNavBar.swift */,
				29A8F34A2DEB506D007BBD36 /* SessionItemView.swift */,
			);
			path = Components;
			sourceTree = "<group>";
		};
		29A8F3412DEB4D42007BBD36 /* Errors */ = {
			isa = PBXGroup;
			children = (
				29A8F3422DEB4D47007BBD36 /* AppError.swift */,
				29A8F3442DEB4D70007BBD36 /* LocalizedAlertError.swift */,
			);
			path = Errors;
			sourceTree = "<group>";
		};
		29A8F3542DEB65DE007BBD36 /* Components */ = {
			isa = PBXGroup;
			children = (
			);
			path = Components;
			sourceTree = "<group>";
		};
		29A8F35E2DEB6E12007BBD36 /* FlexibleWrapGridView */ = {
			isa = PBXGroup;
			children = (
				29A8F3552DEB65F3007BBD36 /* FlexibleWrapGridFlowLayout.swift */,
				29A8F3582DEB6633007BBD36 /* FlexibleWrapGridItemView.swift */,
				29A8F35F2DEB6E1D007BBD36 /* FlexibleWrapGridView.swift */,
			);
			path = FlexibleWrapGridView;
			sourceTree = "<group>";
		};
		29A8F3612DEB73E2007BBD36 /* Helpers */ = {
			isa = PBXGroup;
			children = (
				29A8F38D2DEC60CB007BBD36 /* Validator */,
			);
			path = Helpers;
			sourceTree = "<group>";
		};
		29A8F3872DEBB3BD007BBD36 /* ChatView */ = {
			isa = PBXGroup;
			children = (
				29A8F3862DEBB3BD007BBD36 /* ChatView.swift */,
				29A8F3892DEBB3C6007BBD36 /* MessageView.swift */,
			);
			path = ChatView;
			sourceTree = "<group>";
		};
		29A8F38D2DEC60CB007BBD36 /* Validator */ = {
			isa = PBXGroup;
			children = (
				29A8F38E2DEC60DA007BBD36 /* ValidationError.swift */,
				29A8F3902DEC60EE007BBD36 /* NonEmptyValidator.swift */,
			);
			path = Validator;
			sourceTree = "<group>";
		};
		29A8F3A42DECAE2C007BBD36 /* AITwinTests */ = {
			isa = PBXGroup;
			children = (
				29A8F3A32DECAE2C007BBD36 /* AITwinTests.swift */,
				29A8F3A62DECAF2F007BBD36 /* SessionsListViewModelTests.swift */,
				29A8F3AA2DECD01F007BBD36 /* CreateSessionViewModelTests.swift */,
			);
			path = AITwinTests;
			sourceTree = "<group>";
		};
/* End PBXGroup section */

/* Begin PBXNativeTarget section */
		29A8F2A02DEB1A90007BBD36 /* AITwin */ = {
			isa = PBXNativeTarget;
			buildConfigurationList = 29A8F2C52DEB1A93007BBD36 /* Build configuration list for PBXNativeTarget "AITwin" */;
			buildPhases = (
				29A8F29D2DEB1A90007BBD36 /* Sources */,
				29A8F29E2DEB1A90007BBD36 /* Frameworks */,
				29A8F29F2DEB1A90007BBD36 /* Resources */,
			);
			buildRules = (
			);
			dependencies = (
			);
			name = AITwin;
			packageProductDependencies = (
			);
			productName = AITwin;
			productReference = 29A8F2A12DEB1A90007BBD36 /* AITwin.app */;
			productType = "com.apple.product-type.application";
		};
		29A8F3992DECAE26007BBD36 /* AITwinTests */ = {
			isa = PBXNativeTarget;
			buildConfigurationList = 29A8F3A02DECAE26007BBD36 /* Build configuration list for PBXNativeTarget "AITwinTests" */;
			buildPhases = (
				29A8F3962DECAE26007BBD36 /* Sources */,
				29A8F3972DECAE26007BBD36 /* Frameworks */,
				29A8F3982DECAE26007BBD36 /* Resources */,
			);
			buildRules = (
			);
			dependencies = (
				29A8F39F2DECAE26007BBD36 /* PBXTargetDependency */,
			);
			name = AITwinTests;
			packageProductDependencies = (
			);
			productName = AITwinTests;
			productReference = 29A8F39A2DECAE26007BBD36 /* AITwinTests.xctest */;
			productType = "com.apple.product-type.bundle.unit-test";
		};
/* End PBXNativeTarget section */

/* Begin PBXProject section */
		29A8F2992DEB1A90007BBD36 /* Project object */ = {
			isa = PBXProject;
			attributes = {
				BuildIndependentTargetsInParallel = 1;
				LastSwiftUpdateCheck = 1620;
				LastUpgradeCheck = 1620;
				TargetAttributes = {
					29A8F2A02DEB1A90007BBD36 = {
						CreatedOnToolsVersion = 16.2;
					};
					29A8F3992DECAE26007BBD36 = {
						CreatedOnToolsVersion = 16.2;
						TestTargetID = 29A8F2A02DEB1A90007BBD36;
					};
				};
			};
			buildConfigurationList = 29A8F29C2DEB1A90007BBD36 /* Build configuration list for PBXProject "AITwin" */;
			developmentRegion = en;
			hasScannedForEncodings = 0;
			knownRegions = (
				en,
				Base,
			);
			mainGroup = 29A8F2982DEB1A90007BBD36;
			minimizedProjectReferenceProxies = 1;
			preferredProjectObjectVersion = 77;
			productRefGroup = 29A8F2A22DEB1A90007BBD36 /* Products */;
			projectDirPath = "";
			projectRoot = "";
			targets = (
				29A8F2A02DEB1A90007BBD36 /* AITwin */,
				29A8F3992DECAE26007BBD36 /* AITwinTests */,
			);
		};
/* End PBXProject section */

/* Begin PBXResourcesBuildPhase section */
		29A8F29F2DEB1A90007BBD36 /* Resources */ = {
			isa = PBXResourcesBuildPhase;
			buildActionMask = 2147483647;
			files = (
				29A8F2D62DEB1A9C007BBD36 /* Preview Assets.xcassets in Resources */,
				29A8F2D72DEB1A9C007BBD36 /* Assets.xcassets in Resources */,
			);
			runOnlyForDeploymentPostprocessing = 0;
		};
		29A8F3982DECAE26007BBD36 /* Resources */ = {
			isa = PBXResourcesBuildPhase;
			buildActionMask = 2147483647;
			files = (
			);
			runOnlyForDeploymentPostprocessing = 0;
		};
/* End PBXResourcesBuildPhase section */

/* Begin PBXSourcesBuildPhase section */
		29A8F29D2DEB1A90007BBD36 /* Sources */ = {
			isa = PBXSourcesBuildPhase;
			buildActionMask = 2147483647;
			files = (
				29A8F38C2DEC5A01007BBD36 /* SendButton.swift in Sources */,
				29A8F3312DEB4497007BBD36 /* SessionsListView.swift in Sources */,
				29A8F2F92DEB22B3007BBD36 /* Session.swift in Sources */,
				29A8F3472DEB4EE6007BBD36 /* SessionsNavBar.swift in Sources */,
				29A8F31E2DEB3E18007BBD36 /* ChatBubble.swift in Sources */,
				29A8F32D2DEB4461007BBD36 /* Coordinator.swift in Sources */,
				29A8F3402DEB4D26007BBD36 /* MainBgGradient.swift in Sources */,
				29A8F3492DEB4F03007BBD36 /* IconButton.swift in Sources */,
				29A8F2ED2DEB2205007BBD36 /* TargetType.swift in Sources */,
				29A8F3822DEBB20C007BBD36 /* SessionChatNavBar.swift in Sources */,
				29A8F33E2DEB4B6F007BBD36 /* SessionsListViewModel.swift in Sources */,
				29A8F3092DEB3121007BBD36 /* BodyEncodable.swift in Sources */,
				29A8F32F2DEB4477007BBD36 /* CoordinatorView.swift in Sources */,
				29A8F3532DEB6321007BBD36 /* AppTextField.swift in Sources */,
				29A8F30B2DEB3151007BBD36 /* Message.swift in Sources */,
				29A8F3602DEB6E1D007BBD36 /* FlexibleWrapGridView.swift in Sources */,
				29A8F34D2DEB5400007BBD36 /* Date+Extension.swift in Sources */,
				29A8F2D42DEB1A9C007BBD36 /* AITwinApp.swift in Sources */,
				29A8F34F2DEB5EB0007BBD36 /* PlaceholderText.swift in Sources */,
				29A8F3932DEC65B0007BBD36 /* AIMockService.swift in Sources */,
				29A8F3452DEB4D70007BBD36 /* LocalizedAlertError.swift in Sources */,
				29A8F3562DEB65F3007BBD36 /* FlexibleWrapGridFlowLayout.swift in Sources */,
				29A8F34B2DEB506D007BBD36 /* SessionItemView.swift in Sources */,
				29A8F3152DEB364C007BBD36 /* Font+Extension.swift in Sources */,
				29A8F3A92DECB2FF007BBD36 /* MockNetworkService.swift in Sources */,
				29A8F3072DEB28B7007BBD36 /* MessageHTTPBody.swift in Sources */,
				29A8F3352DEB44E0007BBD36 /* CreateSessionView.swift in Sources */,
				29A8F3382DEB44FC007BBD36 /* SessionChatView.swift in Sources */,
				29A8F2FF2DEB232B007BBD36 /* MockURLProtocol.swift in Sources */,
				29A8F3202DEB41CD007BBD36 /* AppButton.swift in Sources */,
				29A8F2F32DEB2245007BBD36 /* NetworkService.swift in Sources */,
				29A8F3292DEB4435007BBD36 /* BaseCoordinator.swift in Sources */,
				29A8F31C2DEB38E5007BBD36 /* AppLoaderView.swift in Sources */,
				29A8F3432DEB4D47007BBD36 /* AppError.swift in Sources */,
				29A8F3012DEB2344007BBD36 /* MockStorage.swift in Sources */,
				29A8F3232DEB4202007BBD36 /* EmptyClosure.swift in Sources */,
				29A8F2FD2DEB2308007BBD36 /* FileStorageService.swift in Sources */,
				29A8F2F12DEB2232007BBD36 /* HTTPMethod.swift in Sources */,
				29A8F2F62DEB228F007BBD36 /* SessionHTTTPBody.swift in Sources */,
				29A8F32B2DEB444C007BBD36 /* BaseCoordinatorView.swift in Sources */,
				29A8F3512DEB61CF007BBD36 /* CreateSessionViewModel.swift in Sources */,
				29A8F3032DEB2370007BBD36 /* StorageWrapper.swift in Sources */,
				29A8F3052DEB2390007BBD36 /* URLRequest+Extension.swift in Sources */,
				29A8F38F2DEC60DA007BBD36 /* ValidationError.swift in Sources */,
				29A8F3172DEB36B6007BBD36 /* SystemIcon.swift in Sources */,
				29A8F35B2DEB6697007BBD36 /* String+Extension.swift in Sources */,
				29A8F30D2DEB3415007BBD36 /* TextConstant.swift in Sources */,
				29A8F3592DEB6633007BBD36 /* FlexibleWrapGridItemView.swift in Sources */,
				29A8F38A2DEBB3C6007BBD36 /* MessageView.swift in Sources */,
				29A8F3802DEBAD7B007BBD36 /* SessionChatViewModel.swift in Sources */,
				29A8F3132DEB3473007BBD36 /* AppFont.swift in Sources */,
				29A8F3912DEC60EE007BBD36 /* NonEmptyValidator.swift in Sources */,
				29A8F3882DEBB3BD007BBD36 /* ChatView.swift in Sources */,
				29A8F2EF2DEB221E007BBD36 /* NetworkError.swift in Sources */,
				29A8F2EB2DEB21D8007BBD36 /* Endpoint.swift in Sources */,
				29A8F2E92DEB21BD007BBD36 /* BaseNetworkService.swift in Sources */,
				29A8F3192DEB3896007BBD36 /* View+Extension.swift in Sources */,
			);
			runOnlyForDeploymentPostprocessing = 0;
		};
		29A8F3962DECAE26007BBD36 /* Sources */ = {
			isa = PBXSourcesBuildPhase;
			buildActionMask = 2147483647;
			files = (
				29A8F3A52DECAE2C007BBD36 /* AITwinTests.swift in Sources */,
				29A8F3AB2DECD01F007BBD36 /* CreateSessionViewModelTests.swift in Sources */,
				29A8F3A72DECAF2F007BBD36 /* SessionsListViewModelTests.swift in Sources */,
			);
			runOnlyForDeploymentPostprocessing = 0;
		};
/* End PBXSourcesBuildPhase section */

/* Begin PBXTargetDependency section */
		29A8F39F2DECAE26007BBD36 /* PBXTargetDependency */ = {
			isa = PBXTargetDependency;
			target = 29A8F2A02DEB1A90007BBD36 /* AITwin */;
			targetProxy = 29A8F39E2DECAE26007BBD36 /* PBXContainerItemProxy */;
		};
/* End PBXTargetDependency section */

/* Begin XCBuildConfiguration section */
		29A8F2C32DEB1A93007BBD36 /* Debug */ = {
			isa = XCBuildConfiguration;
			buildSettings = {
				ALWAYS_SEARCH_USER_PATHS = NO;
				ASSETCATALOG_COMPILER_GENERATE_SWIFT_ASSET_SYMBOL_EXTENSIONS = YES;
				CLANG_ANALYZER_NONNULL = YES;
				CLANG_ANALYZER_NUMBER_OBJECT_CONVERSION = YES_AGGRESSIVE;
				CLANG_CXX_LANGUAGE_STANDARD = "gnu++20";
				CLANG_ENABLE_MODULES = YES;
				CLANG_ENABLE_OBJC_ARC = YES;
				CLANG_ENABLE_OBJC_WEAK = YES;
				CLANG_WARN_BLOCK_CAPTURE_AUTORELEASING = YES;
				CLANG_WARN_BOOL_CONVERSION = YES;
				CLANG_WARN_COMMA = YES;
				CLANG_WARN_CONSTANT_CONVERSION = YES;
				CLANG_WARN_DEPRECATED_OBJC_IMPLEMENTATIONS = YES;
				CLANG_WARN_DIRECT_OBJC_ISA_USAGE = YES_ERROR;
				CLANG_WARN_DOCUMENTATION_COMMENTS = YES;
				CLANG_WARN_EMPTY_BODY = YES;
				CLANG_WARN_ENUM_CONVERSION = YES;
				CLANG_WARN_INFINITE_RECURSION = YES;
				CLANG_WARN_INT_CONVERSION = YES;
				CLANG_WARN_NON_LITERAL_NULL_CONVERSION = YES;
				CLANG_WARN_OBJC_IMPLICIT_RETAIN_SELF = YES;
				CLANG_WARN_OBJC_LITERAL_CONVERSION = YES;
				CLANG_WARN_OBJC_ROOT_CLASS = YES_ERROR;
				CLANG_WARN_QUOTED_INCLUDE_IN_FRAMEWORK_HEADER = YES;
				CLANG_WARN_RANGE_LOOP_ANALYSIS = YES;
				CLANG_WARN_STRICT_PROTOTYPES = YES;
				CLANG_WARN_SUSPICIOUS_MOVE = YES;
				CLANG_WARN_UNGUARDED_AVAILABILITY = YES_AGGRESSIVE;
				CLANG_WARN_UNREACHABLE_CODE = YES;
				CLANG_WARN__DUPLICATE_METHOD_MATCH = YES;
				COPY_PHASE_STRIP = NO;
				DEBUG_INFORMATION_FORMAT = dwarf;
				ENABLE_STRICT_OBJC_MSGSEND = YES;
				ENABLE_TESTABILITY = YES;
				ENABLE_USER_SCRIPT_SANDBOXING = YES;
				GCC_C_LANGUAGE_STANDARD = gnu17;
				GCC_DYNAMIC_NO_PIC = NO;
				GCC_NO_COMMON_BLOCKS = YES;
				GCC_OPTIMIZATION_LEVEL = 0;
				GCC_PREPROCESSOR_DEFINITIONS = (
					"DEBUG=1",
					"$(inherited)",
				);
				GCC_WARN_64_TO_32_BIT_CONVERSION = YES;
				GCC_WARN_ABOUT_RETURN_TYPE = YES_ERROR;
				GCC_WARN_UNDECLARED_SELECTOR = YES;
				GCC_WARN_UNINITIALIZED_AUTOS = YES_AGGRESSIVE;
				GCC_WARN_UNUSED_FUNCTION = YES;
				GCC_WARN_UNUSED_VARIABLE = YES;
				IPHONEOS_DEPLOYMENT_TARGET = 18.2;
				LOCALIZATION_PREFERS_STRING_CATALOGS = YES;
				MTL_ENABLE_DEBUG_INFO = INCLUDE_SOURCE;
				MTL_FAST_MATH = YES;
				ONLY_ACTIVE_ARCH = YES;
				SDKROOT = iphoneos;
				SWIFT_ACTIVE_COMPILATION_CONDITIONS = "DEBUG $(inherited)";
				SWIFT_OPTIMIZATION_LEVEL = "-Onone";
			};
			name = Debug;
		};
		29A8F2C42DEB1A93007BBD36 /* Release */ = {
			isa = XCBuildConfiguration;
			buildSettings = {
				ALWAYS_SEARCH_USER_PATHS = NO;
				ASSETCATALOG_COMPILER_GENERATE_SWIFT_ASSET_SYMBOL_EXTENSIONS = YES;
				CLANG_ANALYZER_NONNULL = YES;
				CLANG_ANALYZER_NUMBER_OBJECT_CONVERSION = YES_AGGRESSIVE;
				CLANG_CXX_LANGUAGE_STANDARD = "gnu++20";
				CLANG_ENABLE_MODULES = YES;
				CLANG_ENABLE_OBJC_ARC = YES;
				CLANG_ENABLE_OBJC_WEAK = YES;
				CLANG_WARN_BLOCK_CAPTURE_AUTORELEASING = YES;
				CLANG_WARN_BOOL_CONVERSION = YES;
				CLANG_WARN_COMMA = YES;
				CLANG_WARN_CONSTANT_CONVERSION = YES;
				CLANG_WARN_DEPRECATED_OBJC_IMPLEMENTATIONS = YES;
				CLANG_WARN_DIRECT_OBJC_ISA_USAGE = YES_ERROR;
				CLANG_WARN_DOCUMENTATION_COMMENTS = YES;
				CLANG_WARN_EMPTY_BODY = YES;
				CLANG_WARN_ENUM_CONVERSION = YES;
				CLANG_WARN_INFINITE_RECURSION = YES;
				CLANG_WARN_INT_CONVERSION = YES;
				CLANG_WARN_NON_LITERAL_NULL_CONVERSION = YES;
				CLANG_WARN_OBJC_IMPLICIT_RETAIN_SELF = YES;
				CLANG_WARN_OBJC_LITERAL_CONVERSION = YES;
				CLANG_WARN_OBJC_ROOT_CLASS = YES_ERROR;
				CLANG_WARN_QUOTED_INCLUDE_IN_FRAMEWORK_HEADER = YES;
				CLANG_WARN_RANGE_LOOP_ANALYSIS = YES;
				CLANG_WARN_STRICT_PROTOTYPES = YES;
				CLANG_WARN_SUSPICIOUS_MOVE = YES;
				CLANG_WARN_UNGUARDED_AVAILABILITY = YES_AGGRESSIVE;
				CLANG_WARN_UNREACHABLE_CODE = YES;
				CLANG_WARN__DUPLICATE_METHOD_MATCH = YES;
				COPY_PHASE_STRIP = NO;
				DEBUG_INFORMATION_FORMAT = "dwarf-with-dsym";
				ENABLE_NS_ASSERTIONS = NO;
				ENABLE_STRICT_OBJC_MSGSEND = YES;
				ENABLE_USER_SCRIPT_SANDBOXING = YES;
				GCC_C_LANGUAGE_STANDARD = gnu17;
				GCC_NO_COMMON_BLOCKS = YES;
				GCC_WARN_64_TO_32_BIT_CONVERSION = YES;
				GCC_WARN_ABOUT_RETURN_TYPE = YES_ERROR;
				GCC_WARN_UNDECLARED_SELECTOR = YES;
				GCC_WARN_UNINITIALIZED_AUTOS = YES_AGGRESSIVE;
				GCC_WARN_UNUSED_FUNCTION = YES;
				GCC_WARN_UNUSED_VARIABLE = YES;
				IPHONEOS_DEPLOYMENT_TARGET = 18.2;
				LOCALIZATION_PREFERS_STRING_CATALOGS = YES;
				MTL_ENABLE_DEBUG_INFO = NO;
				MTL_FAST_MATH = YES;
				SDKROOT = iphoneos;
				SWIFT_COMPILATION_MODE = wholemodule;
				VALIDATE_PRODUCT = YES;
			};
			name = Release;
		};
		29A8F2C62DEB1A93007BBD36 /* Debug */ = {
			isa = XCBuildConfiguration;
			buildSettings = {
				ASSETCATALOG_COMPILER_APPICON_NAME = AppIcon;
				ASSETCATALOG_COMPILER_GLOBAL_ACCENT_COLOR_NAME = AccentColor;
				CODE_SIGN_STYLE = Automatic;
				CURRENT_PROJECT_VERSION = 1;
				DEVELOPMENT_ASSET_PATHS = "\"AITwin/Preview Content\"";
				DEVELOPMENT_TEAM = 9KSQ9N8ST8;
				ENABLE_PREVIEWS = YES;
				GENERATE_INFOPLIST_FILE = YES;
				INFOPLIST_KEY_CFBundleDisplayName = "AI Twin";
				INFOPLIST_KEY_UIApplicationSceneManifest_Generation = YES;
				INFOPLIST_KEY_UIApplicationSupportsIndirectInputEvents = YES;
				INFOPLIST_KEY_UILaunchScreen_Generation = YES;
				INFOPLIST_KEY_UISupportedInterfaceOrientations_iPad = "UIInterfaceOrientationPortrait UIInterfaceOrientationPortraitUpsideDown UIInterfaceOrientationLandscapeLeft UIInterfaceOrientationLandscapeRight";
				INFOPLIST_KEY_UISupportedInterfaceOrientations_iPhone = "UIInterfaceOrientationPortrait UIInterfaceOrientationLandscapeLeft UIInterfaceOrientationLandscapeRight";
				IPHONEOS_DEPLOYMENT_TARGET = 16;
				LD_RUNPATH_SEARCH_PATHS = (
					"$(inherited)",
					"@executable_path/Frameworks",
				);
				MARKETING_VERSION = 1.0;
				PRODUCT_BUNDLE_IDENTIFIER = dev.AITwin;
				PRODUCT_NAME = "$(TARGET_NAME)";
				SWIFT_EMIT_LOC_STRINGS = YES;
				SWIFT_VERSION = 5.0;
				TARGETED_DEVICE_FAMILY = "1,2";
			};
			name = Debug;
		};
		29A8F2C72DEB1A93007BBD36 /* Release */ = {
			isa = XCBuildConfiguration;
			buildSettings = {
				ASSETCATALOG_COMPILER_APPICON_NAME = AppIcon;
				ASSETCATALOG_COMPILER_GLOBAL_ACCENT_COLOR_NAME = AccentColor;
				CODE_SIGN_STYLE = Automatic;
				CURRENT_PROJECT_VERSION = 1;
				DEVELOPMENT_ASSET_PATHS = "\"AITwin/Preview Content\"";
				DEVELOPMENT_TEAM = 9KSQ9N8ST8;
				ENABLE_PREVIEWS = YES;
				GENERATE_INFOPLIST_FILE = YES;
				INFOPLIST_KEY_CFBundleDisplayName = "AI Twin";
				INFOPLIST_KEY_UIApplicationSceneManifest_Generation = YES;
				INFOPLIST_KEY_UIApplicationSupportsIndirectInputEvents = YES;
				INFOPLIST_KEY_UILaunchScreen_Generation = YES;
				INFOPLIST_KEY_UISupportedInterfaceOrientations_iPad = "UIInterfaceOrientationPortrait UIInterfaceOrientationPortraitUpsideDown UIInterfaceOrientationLandscapeLeft UIInterfaceOrientationLandscapeRight";
				INFOPLIST_KEY_UISupportedInterfaceOrientations_iPhone = "UIInterfaceOrientationPortrait UIInterfaceOrientationLandscapeLeft UIInterfaceOrientationLandscapeRight";
				IPHONEOS_DEPLOYMENT_TARGET = 16;
				LD_RUNPATH_SEARCH_PATHS = (
					"$(inherited)",
					"@executable_path/Frameworks",
				);
				MARKETING_VERSION = 1.0;
				PRODUCT_BUNDLE_IDENTIFIER = dev.AITwin;
				PRODUCT_NAME = "$(TARGET_NAME)";
				SWIFT_EMIT_LOC_STRINGS = YES;
				SWIFT_VERSION = 5.0;
				TARGETED_DEVICE_FAMILY = "1,2";
			};
			name = Release;
		};
		29A8F3A12DECAE26007BBD36 /* Debug */ = {
			isa = XCBuildConfiguration;
			buildSettings = {
				BUNDLE_LOADER = "$(TEST_HOST)";
				CODE_SIGN_STYLE = Automatic;
				CURRENT_PROJECT_VERSION = 1;
				GENERATE_INFOPLIST_FILE = YES;
				MARKETING_VERSION = 1.0;
				PRODUCT_BUNDLE_IDENTIFIER = dev.AITwinTests;
				PRODUCT_NAME = "$(TARGET_NAME)";
				SWIFT_EMIT_LOC_STRINGS = NO;
				SWIFT_VERSION = 5.0;
				TARGETED_DEVICE_FAMILY = "1,2";
				TEST_HOST = "$(BUILT_PRODUCTS_DIR)/AITwin.app/$(BUNDLE_EXECUTABLE_FOLDER_PATH)/AITwin";
			};
			name = Debug;
		};
		29A8F3A22DECAE26007BBD36 /* Release */ = {
			isa = XCBuildConfiguration;
			buildSettings = {
				BUNDLE_LOADER = "$(TEST_HOST)";
				CODE_SIGN_STYLE = Automatic;
				CURRENT_PROJECT_VERSION = 1;
				GENERATE_INFOPLIST_FILE = YES;
				MARKETING_VERSION = 1.0;
				PRODUCT_BUNDLE_IDENTIFIER = dev.AITwinTests;
				PRODUCT_NAME = "$(TARGET_NAME)";
				SWIFT_EMIT_LOC_STRINGS = NO;
				SWIFT_VERSION = 5.0;
				TARGETED_DEVICE_FAMILY = "1,2";
				TEST_HOST = "$(BUILT_PRODUCTS_DIR)/AITwin.app/$(BUNDLE_EXECUTABLE_FOLDER_PATH)/AITwin";
			};
			name = Release;
		};
/* End XCBuildConfiguration section */

/* Begin XCConfigurationList section */
		29A8F29C2DEB1A90007BBD36 /* Build configuration list for PBXProject "AITwin" */ = {
			isa = XCConfigurationList;
			buildConfigurations = (
				29A8F2C32DEB1A93007BBD36 /* Debug */,
				29A8F2C42DEB1A93007BBD36 /* Release */,
			);
			defaultConfigurationIsVisible = 0;
			defaultConfigurationName = Release;
		};
		29A8F2C52DEB1A93007BBD36 /* Build configuration list for PBXNativeTarget "AITwin" */ = {
			isa = XCConfigurationList;
			buildConfigurations = (
				29A8F2C62DEB1A93007BBD36 /* Debug */,
				29A8F2C72DEB1A93007BBD36 /* Release */,
			);
			defaultConfigurationIsVisible = 0;
			defaultConfigurationName = Release;
		};
		29A8F3A02DECAE26007BBD36 /* Build configuration list for PBXNativeTarget "AITwinTests" */ = {
			isa = XCConfigurationList;
			buildConfigurations = (
				29A8F3A12DECAE26007BBD36 /* Debug */,
				29A8F3A22DECAE26007BBD36 /* Release */,
			);
			defaultConfigurationIsVisible = 0;
			defaultConfigurationName = Release;
		};
/* End XCConfigurationList section */
	};
	rootObject = 29A8F2992DEB1A90007BBD36 /* Project object */;
}
